// !$*UTF8*$!
{
	archiveVersion = 1;
	classes = {
	};
	objectVersion = 50;
	objects = {

/* Begin PBXBuildFile section */
		6849C0E72613DA4F00C8462E /* SwiftUINavDemoApp.swift in Sources */ = {isa = PBXBuildFile; fileRef = 6849C0E62613DA4F00C8462E /* SwiftUINavDemoApp.swift */; };
		6849C0E92613DA4F00C8462E /* WidgetCreationView.swift in Sources */ = {isa = PBXBuildFile; fileRef = 6849C0E82613DA4F00C8462E /* WidgetCreationView.swift */; };
		6849C0EB2613DA5000C8462E /* Assets.xcassets in Resources */ = {isa = PBXBuildFile; fileRef = 6849C0EA2613DA5000C8462E /* Assets.xcassets */; };
		6849C0EE2613DA5000C8462E /* Preview Assets.xcassets in Resources */ = {isa = PBXBuildFile; fileRef = 6849C0ED2613DA5000C8462E /* Preview Assets.xcassets */; };
		6849C0F72613DAAF00C8462E /* FactoryView.swift in Sources */ = {isa = PBXBuildFile; fileRef = 6849C0F62613DAAF00C8462E /* FactoryView.swift */; };
		6849C0FA2613DB1D00C8462E /* WidgetDetailsView.swift in Sources */ = {isa = PBXBuildFile; fileRef = 6849C0F92613DB1D00C8462E /* WidgetDetailsView.swift */; };
		685D7AAE261E09AB00D92DDB /* WidgetView.swift in Sources */ = {isa = PBXBuildFile; fileRef = 685D7AAD261E09AB00D92DDB /* WidgetView.swift */; };
		685D7AB8261E0F6100D92DDB /* WidgetPropertiesView.swift in Sources */ = {isa = PBXBuildFile; fileRef = 685D7AB7261E0F6100D92DDB /* WidgetPropertiesView.swift */; };
		685D7ABB261E14A500D92DDB /* CreateWidgetButton.swift in Sources */ = {isa = PBXBuildFile; fileRef = 685D7ABA261E14A500D92DDB /* CreateWidgetButton.swift */; };
		685D7ABE261E14D300D92DDB /* ShowFactoryButton.swift in Sources */ = {isa = PBXBuildFile; fileRef = 685D7ABD261E14D300D92DDB /* ShowFactoryButton.swift */; };
		685D7AC1261E14F200D92DDB /* WidgetSummaryView.swift in Sources */ = {isa = PBXBuildFile; fileRef = 685D7AC0261E14F200D92DDB /* WidgetSummaryView.swift */; };
		687072782616130C00299508 /* README.md in Resources */ = {isa = PBXBuildFile; fileRef = 687072772616130C00299508 /* README.md */; };
		6870728226161A9E00299508 /* AvoidingMultipleNavigationViews1.png in Resources */ = {isa = PBXBuildFile; fileRef = 6870728026161A9E00299508 /* AvoidingMultipleNavigationViews1.png */; };
		6870728326161A9E00299508 /* AvoidingMultipleNavigationViews0.png in Resources */ = {isa = PBXBuildFile; fileRef = 6870728126161A9E00299508 /* AvoidingMultipleNavigationViews0.png */; };
		68D3F3752618D27900CB8C6A /* WidgetFactory.swift in Sources */ = {isa = PBXBuildFile; fileRef = 68D3F3742618D27900CB8C6A /* WidgetFactory.swift */; };
		68D3F3782618D28700CB8C6A /* Widget.swift in Sources */ = {isa = PBXBuildFile; fileRef = 68D3F3772618D28700CB8C6A /* Widget.swift */; };
/* End PBXBuildFile section */

/* Begin PBXFileReference section */
		6849C0E32613DA4F00C8462E /* SwiftUINavDemo.app */ = {isa = PBXFileReference; explicitFileType = wrapper.application; includeInIndex = 0; path = SwiftUINavDemo.app; sourceTree = BUILT_PRODUCTS_DIR; };
		6849C0E62613DA4F00C8462E /* SwiftUINavDemoApp.swift */ = {isa = PBXFileReference; lastKnownFileType = sourcecode.swift; path = SwiftUINavDemoApp.swift; sourceTree = "<group>"; };
		6849C0E82613DA4F00C8462E /* WidgetCreationView.swift */ = {isa = PBXFileReference; lastKnownFileType = sourcecode.swift; path = WidgetCreationView.swift; sourceTree = "<group>"; };
		6849C0EA2613DA5000C8462E /* Assets.xcassets */ = {isa = PBXFileReference; lastKnownFileType = folder.assetcatalog; path = Assets.xcassets; sourceTree = "<group>"; };
		6849C0ED2613DA5000C8462E /* Preview Assets.xcassets */ = {isa = PBXFileReference; lastKnownFileType = folder.assetcatalog; path = "Preview Assets.xcassets"; sourceTree = "<group>"; };
		6849C0EF2613DA5000C8462E /* Info.plist */ = {isa = PBXFileReference; lastKnownFileType = text.plist.xml; path = Info.plist; sourceTree = "<group>"; };
		6849C0F62613DAAF00C8462E /* FactoryView.swift */ = {isa = PBXFileReference; lastKnownFileType = sourcecode.swift; path = FactoryView.swift; sourceTree = "<group>"; };
		6849C0F92613DB1D00C8462E /* WidgetDetailsView.swift */ = {isa = PBXFileReference; lastKnownFileType = sourcecode.swift; path = WidgetDetailsView.swift; sourceTree = "<group>"; };
		685D7AAD261E09AB00D92DDB /* WidgetView.swift */ = {isa = PBXFileReference; lastKnownFileType = sourcecode.swift; path = WidgetView.swift; sourceTree = "<group>"; };
		685D7AB7261E0F6100D92DDB /* WidgetPropertiesView.swift */ = {isa = PBXFileReference; lastKnownFileType = sourcecode.swift; path = WidgetPropertiesView.swift; sourceTree = "<group>"; };
		685D7ABA261E14A500D92DDB /* CreateWidgetButton.swift */ = {isa = PBXFileReference; lastKnownFileType = sourcecode.swift; path = CreateWidgetButton.swift; sourceTree = "<group>"; };
		685D7ABD261E14D300D92DDB /* ShowFactoryButton.swift */ = {isa = PBXFileReference; lastKnownFileType = sourcecode.swift; path = ShowFactoryButton.swift; sourceTree = "<group>"; };
		685D7AC0261E14F200D92DDB /* WidgetSummaryView.swift */ = {isa = PBXFileReference; lastKnownFileType = sourcecode.swift; path = WidgetSummaryView.swift; sourceTree = "<group>"; };
		687072772616130C00299508 /* README.md */ = {isa = PBXFileReference; fileEncoding = 4; lastKnownFileType = net.daringfireball.markdown; path = README.md; sourceTree = "<group>"; };
		6870728026161A9E00299508 /* AvoidingMultipleNavigationViews1.png */ = {isa = PBXFileReference; lastKnownFileType = image.png; path = AvoidingMultipleNavigationViews1.png; sourceTree = "<group>"; };
		6870728126161A9E00299508 /* AvoidingMultipleNavigationViews0.png */ = {isa = PBXFileReference; lastKnownFileType = image.png; path = AvoidingMultipleNavigationViews0.png; sourceTree = "<group>"; };
		68D3F3742618D27900CB8C6A /* WidgetFactory.swift */ = {isa = PBXFileReference; lastKnownFileType = sourcecode.swift; path = WidgetFactory.swift; sourceTree = "<group>"; };
		68D3F3772618D28700CB8C6A /* Widget.swift */ = {isa = PBXFileReference; lastKnownFileType = sourcecode.swift; path = Widget.swift; sourceTree = "<group>"; };
/* End PBXFileReference section */

/* Begin PBXFrameworksBuildPhase section */
		6849C0E02613DA4F00C8462E /* Frameworks */ = {
			isa = PBXFrameworksBuildPhase;
			buildActionMask = 2147483647;
			files = (
			);
			runOnlyForDeploymentPostprocessing = 0;
		};
/* End PBXFrameworksBuildPhase section */

/* Begin PBXGroup section */
		6849C0DA2613DA4F00C8462E = {
			isa = PBXGroup;
			children = (
				687072772616130C00299508 /* README.md */,
				6870727A2616167E00299508 /* readme-assets */,
				6849C0E52613DA4F00C8462E /* SwiftUINavDemo */,
				6849C0E42613DA4F00C8462E /* Products */,
			);
			sourceTree = "<group>";
		};
		6849C0E42613DA4F00C8462E /* Products */ = {
			isa = PBXGroup;
			children = (
				6849C0E32613DA4F00C8462E /* SwiftUINavDemo.app */,
			);
			name = Products;
			sourceTree = "<group>";
		};
		6849C0E52613DA4F00C8462E /* SwiftUINavDemo */ = {
			isa = PBXGroup;
			children = (
				6882AE37261E677400F6DE30 /* Util */,
				6882AE36261E675700F6DE30 /* App */,
				6882AE33261E196F00F6DE30 /* Buttons */,
				68D3F37A2618D28F00CB8C6A /* Models */,
				6849C0EC2613DA5000C8462E /* Preview Content */,
				68FF8E2B261DFC1D00F53BFA /* Views */,
			);
			path = SwiftUINavDemo;
			sourceTree = "<group>";
		};
		6849C0EC2613DA5000C8462E /* Preview Content */ = {
			isa = PBXGroup;
			children = (
				6849C0ED2613DA5000C8462E /* Preview Assets.xcassets */,
			);
			path = "Preview Content";
			sourceTree = "<group>";
		};
		6870727A2616167E00299508 /* readme-assets */ = {
			isa = PBXGroup;
			children = (
				6870728126161A9E00299508 /* AvoidingMultipleNavigationViews0.png */,
				6870728026161A9E00299508 /* AvoidingMultipleNavigationViews1.png */,
			);
			path = "readme-assets";
			sourceTree = "<group>";
		};
		6882AE33261E196F00F6DE30 /* Buttons */ = {
			isa = PBXGroup;
			children = (
				685D7ABA261E14A500D92DDB /* CreateWidgetButton.swift */,
				685D7ABD261E14D300D92DDB /* ShowFactoryButton.swift */,
			);
			path = Buttons;
			sourceTree = "<group>";
		};
		6882AE36261E675700F6DE30 /* App */ = {
			isa = PBXGroup;
			children = (
				6849C0E62613DA4F00C8462E /* SwiftUINavDemoApp.swift */,
			);
			path = App;
			sourceTree = "<group>";
		};
		6882AE37261E677400F6DE30 /* Util */ = {
			isa = PBXGroup;
			children = (
				6849C0EF2613DA5000C8462E /* Info.plist */,
				6849C0EA2613DA5000C8462E /* Assets.xcassets */,
			);
			path = Util;
			sourceTree = "<group>";
		};
		68D3F37A2618D28F00CB8C6A /* Models */ = {
			isa = PBXGroup;
			children = (
				68D3F3772618D28700CB8C6A /* Widget.swift */,
				68D3F3742618D27900CB8C6A /* WidgetFactory.swift */,
			);
			path = Models;
			sourceTree = "<group>";
		};
		68FF8E2B261DFC1D00F53BFA /* Views */ = {
			isa = PBXGroup;
			children = (
				6849C0F62613DAAF00C8462E /* FactoryView.swift */,
				6849C0E82613DA4F00C8462E /* WidgetCreationView.swift */,
				6849C0F92613DB1D00C8462E /* WidgetDetailsView.swift */,
				685D7AB7261E0F6100D92DDB /* WidgetPropertiesView.swift */,
				685D7AC0261E14F200D92DDB /* WidgetSummaryView.swift */,
				685D7AAD261E09AB00D92DDB /* WidgetView.swift */,
			);
			path = Views;
			sourceTree = "<group>";
		};
/* End PBXGroup section */

/* Begin PBXNativeTarget section */
		6849C0E22613DA4F00C8462E /* SwiftUINavDemo */ = {
			isa = PBXNativeTarget;
			buildConfigurationList = 6849C0F22613DA5000C8462E /* Build configuration list for PBXNativeTarget "SwiftUINavDemo" */;
			buildPhases = (
				6849C0DF2613DA4F00C8462E /* Sources */,
				6849C0E02613DA4F00C8462E /* Frameworks */,
				6849C0E12613DA4F00C8462E /* Resources */,
			);
			buildRules = (
			);
			dependencies = (
			);
			name = SwiftUINavDemo;
			productName = SwiftUINavDemo;
			productReference = 6849C0E32613DA4F00C8462E /* SwiftUINavDemo.app */;
			productType = "com.apple.product-type.application";
		};
/* End PBXNativeTarget section */

/* Begin PBXProject section */
		6849C0DB2613DA4F00C8462E /* Project object */ = {
			isa = PBXProject;
			attributes = {
				LastSwiftUpdateCheck = 1240;
				LastUpgradeCheck = 1240;
				TargetAttributes = {
					6849C0E22613DA4F00C8462E = {
						CreatedOnToolsVersion = 12.4;
					};
				};
			};
			buildConfigurationList = 6849C0DE2613DA4F00C8462E /* Build configuration list for PBXProject "SwiftUINavDemo" */;
			compatibilityVersion = "Xcode 9.3";
			developmentRegion = en;
			hasScannedForEncodings = 0;
			knownRegions = (
				en,
				Base,
			);
			mainGroup = 6849C0DA2613DA4F00C8462E;
			productRefGroup = 6849C0E42613DA4F00C8462E /* Products */;
			projectDirPath = "";
			projectRoot = "";
			targets = (
				6849C0E22613DA4F00C8462E /* SwiftUINavDemo */,
			);
		};
/* End PBXProject section */

/* Begin PBXResourcesBuildPhase section */
		6849C0E12613DA4F00C8462E /* Resources */ = {
			isa = PBXResourcesBuildPhase;
			buildActionMask = 2147483647;
			files = (
				6870728326161A9E00299508 /* AvoidingMultipleNavigationViews0.png in Resources */,
				687072782616130C00299508 /* README.md in Resources */,
				6849C0EE2613DA5000C8462E /* Preview Assets.xcassets in Resources */,
				6849C0EB2613DA5000C8462E /* Assets.xcassets in Resources */,
				6870728226161A9E00299508 /* AvoidingMultipleNavigationViews1.png in Resources */,
			);
			runOnlyForDeploymentPostprocessing = 0;
		};
/* End PBXResourcesBuildPhase section */

/* Begin PBXSourcesBuildPhase section */
		6849C0DF2613DA4F00C8462E /* Sources */ = {
			isa = PBXSourcesBuildPhase;
			buildActionMask = 2147483647;
			files = (
				685D7ABE261E14D300D92DDB /* ShowFactoryButton.swift in Sources */,
				68D3F3752618D27900CB8C6A /* WidgetFactory.swift in Sources */,
				685D7AB8261E0F6100D92DDB /* WidgetPropertiesView.swift in Sources */,
				6849C0FA2613DB1D00C8462E /* WidgetDetailsView.swift in Sources */,
				685D7AAE261E09AB00D92DDB /* WidgetView.swift in Sources */,
				68D3F3782618D28700CB8C6A /* Widget.swift in Sources */,
				685D7AC1261E14F200D92DDB /* WidgetSummaryView.swift in Sources */,
				6849C0E92613DA4F00C8462E /* WidgetCreationView.swift in Sources */,
				6849C0F72613DAAF00C8462E /* FactoryView.swift in Sources */,
				6849C0E72613DA4F00C8462E /* SwiftUINavDemoApp.swift in Sources */,
				685D7ABB261E14A500D92DDB /* CreateWidgetButton.swift in Sources */,
			);
			runOnlyForDeploymentPostprocessing = 0;
		};
/* End PBXSourcesBuildPhase section */

/* Begin XCBuildConfiguration section */
		6849C0F02613DA5000C8462E /* Debug */ = {
			isa = XCBuildConfiguration;
			buildSettings = {
				ALWAYS_SEARCH_USER_PATHS = NO;
				CLANG_ANALYZER_NONNULL = YES;
				CLANG_ANALYZER_NUMBER_OBJECT_CONVERSION = YES_AGGRESSIVE;
				CLANG_CXX_LANGUAGE_STANDARD = "gnu++14";
				CLANG_CXX_LIBRARY = "libc++";
				CLANG_ENABLE_MODULES = YES;
				CLANG_ENABLE_OBJC_ARC = YES;
				CLANG_ENABLE_OBJC_WEAK = YES;
				CLANG_WARN_BLOCK_CAPTURE_AUTORELEASING = YES;
				CLANG_WARN_BOOL_CONVERSION = YES;
				CLANG_WARN_COMMA = YES;
				CLANG_WARN_CONSTANT_CONVERSION = YES;
				CLANG_WARN_DEPRECATED_OBJC_IMPLEMENTATIONS = YES;
				CLANG_WARN_DIRECT_OBJC_ISA_USAGE = YES_ERROR;
				CLANG_WARN_DOCUMENTATION_COMMENTS = YES;
				CLANG_WARN_EMPTY_BODY = YES;
				CLANG_WARN_ENUM_CONVERSION = YES;
				CLANG_WARN_INFINITE_RECURSION = YES;
				CLANG_WARN_INT_CONVERSION = YES;
				CLANG_WARN_NON_LITERAL_NULL_CONVERSION = YES;
				CLANG_WARN_OBJC_IMPLICIT_RETAIN_SELF = YES;
				CLANG_WARN_OBJC_LITERAL_CONVERSION = YES;
				CLANG_WARN_OBJC_ROOT_CLASS = YES_ERROR;
				CLANG_WARN_QUOTED_INCLUDE_IN_FRAMEWORK_HEADER = YES;
				CLANG_WARN_RANGE_LOOP_ANALYSIS = YES;
				CLANG_WARN_STRICT_PROTOTYPES = YES;
				CLANG_WARN_SUSPICIOUS_MOVE = YES;
				CLANG_WARN_UNGUARDED_AVAILABILITY = YES_AGGRESSIVE;
				CLANG_WARN_UNREACHABLE_CODE = YES;
				CLANG_WARN__DUPLICATE_METHOD_MATCH = YES;
				COPY_PHASE_STRIP = NO;
				DEBUG_INFORMATION_FORMAT = dwarf;
				ENABLE_STRICT_OBJC_MSGSEND = YES;
				ENABLE_TESTABILITY = YES;
				GCC_C_LANGUAGE_STANDARD = gnu11;
				GCC_DYNAMIC_NO_PIC = NO;
				GCC_NO_COMMON_BLOCKS = YES;
				GCC_OPTIMIZATION_LEVEL = 0;
				GCC_PREPROCESSOR_DEFINITIONS = (
					"DEBUG=1",
					"$(inherited)",
				);
				GCC_WARN_64_TO_32_BIT_CONVERSION = YES;
				GCC_WARN_ABOUT_RETURN_TYPE = YES_ERROR;
				GCC_WARN_UNDECLARED_SELECTOR = YES;
				GCC_WARN_UNINITIALIZED_AUTOS = YES_AGGRESSIVE;
				GCC_WARN_UNUSED_FUNCTION = YES;
				GCC_WARN_UNUSED_VARIABLE = YES;
				IPHONEOS_DEPLOYMENT_TARGET = 14.4;
				MTL_ENABLE_DEBUG_INFO = INCLUDE_SOURCE;
				MTL_FAST_MATH = YES;
				ONLY_ACTIVE_ARCH = YES;
				SDKROOT = iphoneos;
				SWIFT_ACTIVE_COMPILATION_CONDITIONS = DEBUG;
				SWIFT_OPTIMIZATION_LEVEL = "-Onone";
			};
			name = Debug;
		};
		6849C0F12613DA5000C8462E /* Release */ = {
			isa = XCBuildConfiguration;
			buildSettings = {
				ALWAYS_SEARCH_USER_PATHS = NO;
				CLANG_ANALYZER_NONNULL = YES;
				CLANG_ANALYZER_NUMBER_OBJECT_CONVERSION = YES_AGGRESSIVE;
				CLANG_CXX_LANGUAGE_STANDARD = "gnu++14";
				CLANG_CXX_LIBRARY = "libc++";
				CLANG_ENABLE_MODULES = YES;
				CLANG_ENABLE_OBJC_ARC = YES;
				CLANG_ENABLE_OBJC_WEAK = YES;
				CLANG_WARN_BLOCK_CAPTURE_AUTORELEASING = YES;
				CLANG_WARN_BOOL_CONVERSION = YES;
				CLANG_WARN_COMMA = YES;
				CLANG_WARN_CONSTANT_CONVERSION = YES;
				CLANG_WARN_DEPRECATED_OBJC_IMPLEMENTATIONS = YES;
				CLANG_WARN_DIRECT_OBJC_ISA_USAGE = YES_ERROR;
				CLANG_WARN_DOCUMENTATION_COMMENTS = YES;
				CLANG_WARN_EMPTY_BODY = YES;
				CLANG_WARN_ENUM_CONVERSION = YES;
				CLANG_WARN_INFINITE_RECURSION = YES;
				CLANG_WARN_INT_CONVERSION = YES;
				CLANG_WARN_NON_LITERAL_NULL_CONVERSION = YES;
				CLANG_WARN_OBJC_IMPLICIT_RETAIN_SELF = YES;
				CLANG_WARN_OBJC_LITERAL_CONVERSION = YES;
				CLANG_WARN_OBJC_ROOT_CLASS = YES_ERROR;
				CLANG_WARN_QUOTED_INCLUDE_IN_FRAMEWORK_HEADER = YES;
				CLANG_WARN_RANGE_LOOP_ANALYSIS = YES;
				CLANG_WARN_STRICT_PROTOTYPES = YES;
				CLANG_WARN_SUSPICIOUS_MOVE = YES;
				CLANG_WARN_UNGUARDED_AVAILABILITY = YES_AGGRESSIVE;
				CLANG_WARN_UNREACHABLE_CODE = YES;
				CLANG_WARN__DUPLICATE_METHOD_MATCH = YES;
				COPY_PHASE_STRIP = NO;
				DEBUG_INFORMATION_FORMAT = "dwarf-with-dsym";
				ENABLE_NS_ASSERTIONS = NO;
				ENABLE_STRICT_OBJC_MSGSEND = YES;
				GCC_C_LANGUAGE_STANDARD = gnu11;
				GCC_NO_COMMON_BLOCKS = YES;
				GCC_WARN_64_TO_32_BIT_CONVERSION = YES;
				GCC_WARN_ABOUT_RETURN_TYPE = YES_ERROR;
				GCC_WARN_UNDECLARED_SELECTOR = YES;
				GCC_WARN_UNINITIALIZED_AUTOS = YES_AGGRESSIVE;
				GCC_WARN_UNUSED_FUNCTION = YES;
				GCC_WARN_UNUSED_VARIABLE = YES;
				IPHONEOS_DEPLOYMENT_TARGET = 14.4;
				MTL_ENABLE_DEBUG_INFO = NO;
				MTL_FAST_MATH = YES;
				SDKROOT = iphoneos;
				SWIFT_COMPILATION_MODE = wholemodule;
				SWIFT_OPTIMIZATION_LEVEL = "-O";
				VALIDATE_PRODUCT = YES;
			};
			name = Release;
		};
		6849C0F32613DA5000C8462E /* Debug */ = {
			isa = XCBuildConfiguration;
			buildSettings = {
				ASSETCATALOG_COMPILER_APPICON_NAME = AppIcon;
				ASSETCATALOG_COMPILER_GLOBAL_ACCENT_COLOR_NAME = AccentColor;
				CODE_SIGN_STYLE = Automatic;
				DEVELOPMENT_ASSET_PATHS = "\"SwiftUINavDemo/Preview Content\"";
				DEVELOPMENT_TEAM = R6BE99W3FU;
				ENABLE_PREVIEWS = YES;
				INFOPLIST_FILE = SwiftUINavDemo/Util/Info.plist;
				IPHONEOS_DEPLOYMENT_TARGET = 14.0;
				LD_RUNPATH_SEARCH_PATHS = (
					"$(inherited)",
					"@executable_path/Frameworks",
				);
				PRODUCT_BUNDLE_IDENTIFIER = com.rarcher.SwiftUINavDemo;
				PRODUCT_NAME = "$(TARGET_NAME)";
				SWIFT_VERSION = 5.0;
				TARGETED_DEVICE_FAMILY = "1,2";
			};
			name = Debug;
		};
		6849C0F42613DA5000C8462E /* Release */ = {
			isa = XCBuildConfiguration;
			buildSettings = {
				ASSETCATALOG_COMPILER_APPICON_NAME = AppIcon;
				ASSETCATALOG_COMPILER_GLOBAL_ACCENT_COLOR_NAME = AccentColor;
				CODE_SIGN_STYLE = Automatic;
				DEVELOPMENT_ASSET_PATHS = "\"SwiftUINavDemo/Preview Content\"";
				DEVELOPMENT_TEAM = R6BE99W3FU;
				ENABLE_PREVIEWS = YES;
				INFOPLIST_FILE = SwiftUINavDemo/Util/Info.plist;
				IPHONEOS_DEPLOYMENT_TARGET = 14.0;
				LD_RUNPATH_SEARCH_PATHS = (
					"$(inherited)",
					"@executable_path/Frameworks",
				);
				PRODUCT_BUNDLE_IDENTIFIER = com.rarcher.SwiftUINavDemo;
				PRODUCT_NAME = "$(TARGET_NAME)";
				SWIFT_VERSION = 5.0;
				TARGETED_DEVICE_FAMILY = "1,2";
			};
			name = Release;
		};
/* End XCBuildConfiguration section */

/* Begin XCConfigurationList section */
		6849C0DE2613DA4F00C8462E /* Build configuration list for PBXProject "SwiftUINavDemo" */ = {
			isa = XCConfigurationList;
			buildConfigurations = (
				6849C0F02613DA5000C8462E /* Debug */,
				6849C0F12613DA5000C8462E /* Release */,
			);
			defaultConfigurationIsVisible = 0;
			defaultConfigurationName = Release;
		};
		6849C0F22613DA5000C8462E /* Build configuration list for PBXNativeTarget "SwiftUINavDemo" */ = {
			isa = XCConfigurationList;
			buildConfigurations = (
				6849C0F32613DA5000C8462E /* Debug */,
				6849C0F42613DA5000C8462E /* Release */,
			);
			defaultConfigurationIsVisible = 0;
			defaultConfigurationName = Release;
		};
/* End XCConfigurationList section */
	};
	rootObject = 6849C0DB2613DA4F00C8462E /* Project object */;
}
